
Microsoft Visual Studio Solution File, Format Version 12.00
# Visual Studio Version 17
VisualStudioVersion = 17.11.35222.181
MinimumVisualStudioVersion = 10.0.40219.1
Project("{9A19103F-16F7-4668-BE54-9A1E7A4F7556}") = "WAMS", "WAMS\WAMS.csproj", "{480023B1-608A-4398-8030-86B3BE49134D}"
EndProject
Global
	GlobalSection(SolutionConfigurationPlatforms) = preSolution
		Debug|Any CPU = Debug|Any CPU
		Release|Any CPU = Release|Any CPU
	EndGlobalSection
	GlobalSection(ProjectConfigurationPlatforms) = postSolution
		{480023B1-608A-4398-8030-86B3BE49134D}.Debug|Any CPU.ActiveCfg = Debug|Any CPU
		{480023B1-608A-4398-8030-86B3BE49134D}.Debug|Any CPU.Build.0 = Debug|Any CPU
		{480023B1-608A-4398-8030-86B3BE49134D}.Release|Any CPU.ActiveCfg = Release|Any CPU
		{480023B1-608A-4398-8030-86B3BE49134D}.Release|Any CPU.Build.0 = Release|Any CPU
	EndGlobalSection
	GlobalSection(SolutionProperties) = preSolution
		HideSolutionNode = FALSE
	EndGlobalSection
	GlobalSection(ExtensibilityGlobals) = postSolution
		SolutionGuid = {46AB9B2A-F30C-4F95-8F01-C10CE3F624C6}
	EndGlobalSection
EndGlobal
